
Microsoft Visual Studio Solution File, Format Version 12.00
# Visual Studio 15
Project("{FAE04EC0-301F-11D3-BF4B-00C04F79EFBC}") = "StarRepublic.SpotifyClient", "StarRepublic.SpotifyClient\StarRepublic.SpotifyClient.csproj", "{8BEC677C-ADAA-4B68-8C65-EEB0B7F573FA}"
EndProject
Project("{2150E333-8FDC-42A3-9474-1A3956D46DE8}") = "Tests", "Tests", "{F0E2A6D8-9A40-434D-991A-57CE4C135737}"
EndProject
Project("{FAE04EC0-301F-11D3-BF4B-00C04F79EFBC}") = "StarRepublic.SpotifyClient.Tests", "Tests\StarRepublic.SpotifyClient.Tests\StarRepublic.SpotifyClient.Tests.csproj", "{53AB4735-7D91-48DE-86C5-9B51C7A25CBB}"
EndProject
Global
	GlobalSection(SolutionConfigurationPlatforms) = preSolution
		Debug|Any CPU = Debug|Any CPU
		Release|Any CPU = Release|Any CPU
	EndGlobalSection
	GlobalSection(ProjectConfigurationPlatforms) = postSolution
		{8BEC677C-ADAA-4B68-8C65-EEB0B7F573FA}.Debug|Any CPU.ActiveCfg = Debug|Any CPU
		{8BEC677C-ADAA-4B68-8C65-EEB0B7F573FA}.Debug|Any CPU.Build.0 = Debug|Any CPU
		{8BEC677C-ADAA-4B68-8C65-EEB0B7F573FA}.Release|Any CPU.ActiveCfg = Release|Any CPU
		{8BEC677C-ADAA-4B68-8C65-EEB0B7F573FA}.Release|Any CPU.Build.0 = Release|Any CPU
		{53AB4735-7D91-48DE-86C5-9B51C7A25CBB}.Debug|Any CPU.ActiveCfg = Debug|Any CPU
		{53AB4735-7D91-48DE-86C5-9B51C7A25CBB}.Debug|Any CPU.Build.0 = Debug|Any CPU
		{53AB4735-7D91-48DE-86C5-9B51C7A25CBB}.Release|Any CPU.ActiveCfg = Release|Any CPU
		{53AB4735-7D91-48DE-86C5-9B51C7A25CBB}.Release|Any CPU.Build.0 = Release|Any CPU
	EndGlobalSection
	GlobalSection(NestedProjects) = preSolution
		{53AB4735-7D91-48DE-86C5-9B51C7A25CBB} = {F0E2A6D8-9A40-434D-991A-57CE4C135737}
	EndGlobalSection
EndGlobal
